
Microsoft Visual Studio Solution File, Format Version 12.00
# Visual Studio 15
VisualStudioVersion = 15.0.26730.16
MinimumVisualStudioVersion = 10.0.40219.1
Project("{FAE04EC0-301F-11D3-BF4B-00C04F79EFBC}") = "WebPortal", "WebPortal\WebPortal.csproj", "{61859260-2E63-49A9-93FB-90229A4B8EEA}"
EndProject
Project("{CC5FD16D-436D-48AD-A40C-5A424C6E3E79}") = "WebPortal.Azure", "WebPortal.Azure\WebPortal.Azure.ccproj", "{B1E424FF-A423-4ED1-83EB-D7E297E82A1F}"
EndProject
Global
	GlobalSection(SolutionConfigurationPlatforms) = preSolution
		Debug|Any CPU = Debug|Any CPU
		Release|Any CPU = Release|Any CPU
	EndGlobalSection
	GlobalSection(ProjectConfigurationPlatforms) = postSolution
		{61859260-2E63-49A9-93FB-90229A4B8EEA}.Debug|Any CPU.ActiveCfg = Debug|Any CPU
		{61859260-2E63-49A9-93FB-90229A4B8EEA}.Debug|Any CPU.Build.0 = Debug|Any CPU
		{61859260-2E63-49A9-93FB-90229A4B8EEA}.Release|Any CPU.ActiveCfg = Release|Any CPU
		{61859260-2E63-49A9-93FB-90229A4B8EEA}.Release|Any CPU.Build.0 = Release|Any CPU
		{B1E424FF-A423-4ED1-83EB-D7E297E82A1F}.Debug|Any CPU.ActiveCfg = Debug|Any CPU
		{B1E424FF-A423-4ED1-83EB-D7E297E82A1F}.Debug|Any CPU.Build.0 = Debug|Any CPU
		{B1E424FF-A423-4ED1-83EB-D7E297E82A1F}.Release|Any CPU.ActiveCfg = Release|Any CPU
		{B1E424FF-A423-4ED1-83EB-D7E297E82A1F}.Release|Any CPU.Build.0 = Release|Any CPU
	EndGlobalSection
	GlobalSection(SolutionProperties) = preSolution
		HideSolutionNode = FALSE
	EndGlobalSection
	GlobalSection(ExtensibilityGlobals) = postSolution
		SolutionGuid = {DC192BC2-F6CE-4D06-8876-42130CAF7735}
	EndGlobalSection
EndGlobal
